// !$*UTF8*$!
{
	archiveVersion = 1;
	classes = {
	};
	objectVersion = 46;
	objects = {

/* Begin PBXBuildFile section */
		6F4C36D3590098A88E457845 /* libPods.a in Frameworks */ = {isa = PBXBuildFile; fileRef = 7A18F547673DE6480EE5190F /* libPods.a */; };
		EB39FD0D1B276CEC00AB036C /* WallCollectionViewController.swift in Sources */ = {isa = PBXBuildFile; fileRef = EB39FD0C1B276CEC00AB036C /* WallCollectionViewController.swift */; };
		EB39FD0F1B2992D200AB036C /* Wall.swift in Sources */ = {isa = PBXBuildFile; fileRef = EB39FD0E1B2992D200AB036C /* Wall.swift */; };
		EB39FD111B2AD17200AB036C /* WallCollectionViewCell.swift in Sources */ = {isa = PBXBuildFile; fileRef = EB39FD101B2AD17200AB036C /* WallCollectionViewCell.swift */; };
		EB8EAEE11B2F1FDD00BAFFAD /* ChatsTableViewController.swift in Sources */ = {isa = PBXBuildFile; fileRef = EB8EAEE01B2F1FDD00BAFFAD /* ChatsTableViewController.swift */; };
		EB8EAEE91B2F737D00BAFFAD /* LGSimpleChat.swift in Sources */ = {isa = PBXBuildFile; fileRef = EB8EAEE81B2F737D00BAFFAD /* LGSimpleChat.swift */; };
		EBB793511B20C156004F0821 /* Bolts.framework in Frameworks */ = {isa = PBXBuildFile; fileRef = EBB7934E1B20C156004F0821 /* Bolts.framework */; };
		EBB793521B20C156004F0821 /* FBSDKCoreKit.framework in Frameworks */ = {isa = PBXBuildFile; fileRef = EBB7934F1B20C156004F0821 /* FBSDKCoreKit.framework */; };
		EBB793531B20C156004F0821 /* FBSDKLoginKit.framework in Frameworks */ = {isa = PBXBuildFile; fileRef = EBB793501B20C156004F0821 /* FBSDKLoginKit.framework */; };
		EBB793611B20C19B004F0821 /* Accounts.framework in Frameworks */ = {isa = PBXBuildFile; fileRef = EBB793541B20C19B004F0821 /* Accounts.framework */; };
		EBB793621B20C19B004F0821 /* AudioToolbox.framework in Frameworks */ = {isa = PBXBuildFile; fileRef = EBB793551B20C19B004F0821 /* AudioToolbox.framework */; };
		EBB793631B20C19B004F0821 /* CFNetwork.framework in Frameworks */ = {isa = PBXBuildFile; fileRef = EBB793561B20C19B004F0821 /* CFNetwork.framework */; };
		EBB793641B20C19B004F0821 /* CoreGraphics.framework in Frameworks */ = {isa = PBXBuildFile; fileRef = EBB793571B20C19B004F0821 /* CoreGraphics.framework */; };
		EBB793651B20C19B004F0821 /* CoreLocation.framework in Frameworks */ = {isa = PBXBuildFile; fileRef = EBB793581B20C19B004F0821 /* CoreLocation.framework */; };
		EBB793661B20C19B004F0821 /* libsqlite3.dylib in Frameworks */ = {isa = PBXBuildFile; fileRef = EBB793591B20C19B004F0821 /* libsqlite3.dylib */; };
		EBB793671B20C19B004F0821 /* libz.dylib in Frameworks */ = {isa = PBXBuildFile; fileRef = EBB7935A1B20C19B004F0821 /* libz.dylib */; };
		EBB793681B20C19B004F0821 /* MobileCoreServices.framework in Frameworks */ = {isa = PBXBuildFile; fileRef = EBB7935B1B20C19B004F0821 /* MobileCoreServices.framework */; };
		EBB793691B20C19B004F0821 /* QuartzCore.framework in Frameworks */ = {isa = PBXBuildFile; fileRef = EBB7935C1B20C19B004F0821 /* QuartzCore.framework */; };
		EBB7936A1B20C19B004F0821 /* Security.framework in Frameworks */ = {isa = PBXBuildFile; fileRef = EBB7935D1B20C19B004F0821 /* Security.framework */; };
		EBB7936B1B20C19B004F0821 /* Social.framework in Frameworks */ = {isa = PBXBuildFile; fileRef = EBB7935E1B20C19B004F0821 /* Social.framework */; };
		EBB7936C1B20C19B004F0821 /* StoreKit.framework in Frameworks */ = {isa = PBXBuildFile; fileRef = EBB7935F1B20C19B004F0821 /* StoreKit.framework */; };
		EBB7936D1B20C19B004F0821 /* SystemConfiguration.framework in Frameworks */ = {isa = PBXBuildFile; fileRef = EBB793601B20C19B004F0821 /* SystemConfiguration.framework */; };
		EBB793701B20C1D2004F0821 /* Parse.framework in Frameworks */ = {isa = PBXBuildFile; fileRef = EBB7936E1B20C1D2004F0821 /* Parse.framework */; };
		EBB793711B20C1D2004F0821 /* ParseFacebookUtilsV4.framework in Frameworks */ = {isa = PBXBuildFile; fileRef = EBB7936F1B20C1D2004F0821 /* ParseFacebookUtilsV4.framework */; };
		EBB793891B2203FC004F0821 /* SlideMenuController.swift in Sources */ = {isa = PBXBuildFile; fileRef = EBB793881B2203FC004F0821 /* SlideMenuController.swift */; };
		EBB7938B1B2237AE004F0821 /* User.swift in Sources */ = {isa = PBXBuildFile; fileRef = EBB7938A1B2237AE004F0821 /* User.swift */; };
		EBB7938D1B2488FF004F0821 /* EventsViewController.swift in Sources */ = {isa = PBXBuildFile; fileRef = EBB7938C1B2488FF004F0821 /* EventsViewController.swift */; };
		EBD6257B1B1E4D9100FBC064 /* AppDelegate.swift in Sources */ = {isa = PBXBuildFile; fileRef = EBD6257A1B1E4D9100FBC064 /* AppDelegate.swift */; };
		EBD6257D1B1E4D9100FBC064 /* LoginViewController.swift in Sources */ = {isa = PBXBuildFile; fileRef = EBD6257C1B1E4D9100FBC064 /* LoginViewController.swift */; };
		EBD625801B1E4D9200FBC064 /* Main.storyboard in Resources */ = {isa = PBXBuildFile; fileRef = EBD6257E1B1E4D9200FBC064 /* Main.storyboard */; };
		EBD625821B1E4D9200FBC064 /* Images.xcassets in Resources */ = {isa = PBXBuildFile; fileRef = EBD625811B1E4D9200FBC064 /* Images.xcassets */; };
		EBD625851B1E4D9200FBC064 /* LaunchScreen.xib in Resources */ = {isa = PBXBuildFile; fileRef = EBD625831B1E4D9200FBC064 /* LaunchScreen.xib */; };
		EBD625911B1E4D9200FBC064 /* PalaTests.swift in Sources */ = {isa = PBXBuildFile; fileRef = EBD625901B1E4D9200FBC064 /* PalaTests.swift */; };
/* End PBXBuildFile section */

/* Begin PBXContainerItemProxy section */
		EBD6258B1B1E4D9200FBC064 /* PBXContainerItemProxy */ = {
			isa = PBXContainerItemProxy;
			containerPortal = EBD6256D1B1E4D9100FBC064 /* Project object */;
			proxyType = 1;
			remoteGlobalIDString = EBD625741B1E4D9100FBC064;
			remoteInfo = EventDateApp;
		};
/* End PBXContainerItemProxy section */

/* Begin PBXFileReference section */
		67FD7284B7F6AF88E8DACE3A /* Pods.release.xcconfig */ = {isa = PBXFileReference; includeInIndex = 1; lastKnownFileType = text.xcconfig; name = Pods.release.xcconfig; path = "Pods/Target Support Files/Pods/Pods.release.xcconfig"; sourceTree = "<group>"; };
		7A18F547673DE6480EE5190F /* libPods.a */ = {isa = PBXFileReference; explicitFileType = archive.ar; includeInIndex = 0; path = libPods.a; sourceTree = BUILT_PRODUCTS_DIR; };
		EB39FD0C1B276CEC00AB036C /* WallCollectionViewController.swift */ = {isa = PBXFileReference; fileEncoding = 4; lastKnownFileType = sourcecode.swift; path = WallCollectionViewController.swift; sourceTree = "<group>"; };
		EB39FD0E1B2992D200AB036C /* Wall.swift */ = {isa = PBXFileReference; fileEncoding = 4; lastKnownFileType = sourcecode.swift; path = Wall.swift; sourceTree = "<group>"; };
		EB39FD101B2AD17200AB036C /* WallCollectionViewCell.swift */ = {isa = PBXFileReference; fileEncoding = 4; lastKnownFileType = sourcecode.swift; path = WallCollectionViewCell.swift; sourceTree = "<group>"; };
		EB8EAEE01B2F1FDD00BAFFAD /* ChatsTableViewController.swift */ = {isa = PBXFileReference; fileEncoding = 4; lastKnownFileType = sourcecode.swift; path = ChatsTableViewController.swift; sourceTree = "<group>"; };
		EB8EAEE81B2F737D00BAFFAD /* LGSimpleChat.swift */ = {isa = PBXFileReference; fileEncoding = 4; lastKnownFileType = sourcecode.swift; path = LGSimpleChat.swift; sourceTree = "<group>"; };
		EBB7934E1B20C156004F0821 /* Bolts.framework */ = {isa = PBXFileReference; lastKnownFileType = wrapper.framework; name = Bolts.framework; path = ../../../../Documents/FacebookSDK/Bolts.framework; sourceTree = "<group>"; };
		EBB7934F1B20C156004F0821 /* FBSDKCoreKit.framework */ = {isa = PBXFileReference; lastKnownFileType = wrapper.framework; name = FBSDKCoreKit.framework; path = ../../../../Documents/FacebookSDK/FBSDKCoreKit.framework; sourceTree = "<group>"; };
		EBB793501B20C156004F0821 /* FBSDKLoginKit.framework */ = {isa = PBXFileReference; lastKnownFileType = wrapper.framework; name = FBSDKLoginKit.framework; path = ../../../../Documents/FacebookSDK/FBSDKLoginKit.framework; sourceTree = "<group>"; };
		EBB793541B20C19B004F0821 /* Accounts.framework */ = {isa = PBXFileReference; lastKnownFileType = wrapper.framework; name = Accounts.framework; path = System/Library/Frameworks/Accounts.framework; sourceTree = SDKROOT; };
		EBB793551B20C19B004F0821 /* AudioToolbox.framework */ = {isa = PBXFileReference; lastKnownFileType = wrapper.framework; name = AudioToolbox.framework; path = System/Library/Frameworks/AudioToolbox.framework; sourceTree = SDKROOT; };
		EBB793561B20C19B004F0821 /* CFNetwork.framework */ = {isa = PBXFileReference; lastKnownFileType = wrapper.framework; name = CFNetwork.framework; path = System/Library/Frameworks/CFNetwork.framework; sourceTree = SDKROOT; };
		EBB793571B20C19B004F0821 /* CoreGraphics.framework */ = {isa = PBXFileReference; lastKnownFileType = wrapper.framework; name = CoreGraphics.framework; path = System/Library/Frameworks/CoreGraphics.framework; sourceTree = SDKROOT; };
		EBB793581B20C19B004F0821 /* CoreLocation.framework */ = {isa = PBXFileReference; lastKnownFileType = wrapper.framework; name = CoreLocation.framework; path = System/Library/Frameworks/CoreLocation.framework; sourceTree = SDKROOT; };
		EBB793591B20C19B004F0821 /* libsqlite3.dylib */ = {isa = PBXFileReference; lastKnownFileType = "compiled.mach-o.dylib"; name = libsqlite3.dylib; path = usr/lib/libsqlite3.dylib; sourceTree = SDKROOT; };
		EBB7935A1B20C19B004F0821 /* libz.dylib */ = {isa = PBXFileReference; lastKnownFileType = "compiled.mach-o.dylib"; name = libz.dylib; path = usr/lib/libz.dylib; sourceTree = SDKROOT; };
		EBB7935B1B20C19B004F0821 /* MobileCoreServices.framework */ = {isa = PBXFileReference; lastKnownFileType = wrapper.framework; name = MobileCoreServices.framework; path = System/Library/Frameworks/MobileCoreServices.framework; sourceTree = SDKROOT; };
		EBB7935C1B20C19B004F0821 /* QuartzCore.framework */ = {isa = PBXFileReference; lastKnownFileType = wrapper.framework; name = QuartzCore.framework; path = System/Library/Frameworks/QuartzCore.framework; sourceTree = SDKROOT; };
		EBB7935D1B20C19B004F0821 /* Security.framework */ = {isa = PBXFileReference; lastKnownFileType = wrapper.framework; name = Security.framework; path = System/Library/Frameworks/Security.framework; sourceTree = SDKROOT; };
		EBB7935E1B20C19B004F0821 /* Social.framework */ = {isa = PBXFileReference; lastKnownFileType = wrapper.framework; name = Social.framework; path = System/Library/Frameworks/Social.framework; sourceTree = SDKROOT; };
		EBB7935F1B20C19B004F0821 /* StoreKit.framework */ = {isa = PBXFileReference; lastKnownFileType = wrapper.framework; name = StoreKit.framework; path = System/Library/Frameworks/StoreKit.framework; sourceTree = SDKROOT; };
		EBB793601B20C19B004F0821 /* SystemConfiguration.framework */ = {isa = PBXFileReference; lastKnownFileType = wrapper.framework; name = SystemConfiguration.framework; path = System/Library/Frameworks/SystemConfiguration.framework; sourceTree = SDKROOT; };
		EBB7936E1B20C1D2004F0821 /* Parse.framework */ = {isa = PBXFileReference; lastKnownFileType = wrapper.framework; name = Parse.framework; path = "../../../parse-library-1.7.4/Parse.framework"; sourceTree = "<group>"; };
		EBB7936F1B20C1D2004F0821 /* ParseFacebookUtilsV4.framework */ = {isa = PBXFileReference; lastKnownFileType = wrapper.framework; name = ParseFacebookUtilsV4.framework; path = "../../../parse-library-1.7.4/ParseFacebookUtilsV4.framework"; sourceTree = "<group>"; };
		EBB793881B2203FC004F0821 /* SlideMenuController.swift */ = {isa = PBXFileReference; fileEncoding = 4; lastKnownFileType = sourcecode.swift; path = SlideMenuController.swift; sourceTree = SOURCE_ROOT; };
		EBB7938A1B2237AE004F0821 /* User.swift */ = {isa = PBXFileReference; fileEncoding = 4; lastKnownFileType = sourcecode.swift; path = User.swift; sourceTree = "<group>"; };
		EBB7938C1B2488FF004F0821 /* EventsViewController.swift */ = {isa = PBXFileReference; fileEncoding = 4; lastKnownFileType = sourcecode.swift; path = EventsViewController.swift; sourceTree = "<group>"; };
		EBD625751B1E4D9100FBC064 /* Pala.app */ = {isa = PBXFileReference; explicitFileType = wrapper.application; includeInIndex = 0; path = Pala.app; sourceTree = BUILT_PRODUCTS_DIR; };
		EBD625791B1E4D9100FBC064 /* Info.plist */ = {isa = PBXFileReference; lastKnownFileType = text.plist.xml; path = Info.plist; sourceTree = "<group>"; };
		EBD6257A1B1E4D9100FBC064 /* AppDelegate.swift */ = {isa = PBXFileReference; lastKnownFileType = sourcecode.swift; path = AppDelegate.swift; sourceTree = "<group>"; };
		EBD6257C1B1E4D9100FBC064 /* LoginViewController.swift */ = {isa = PBXFileReference; lastKnownFileType = sourcecode.swift; path = LoginViewController.swift; sourceTree = "<group>"; };
		EBD6257F1B1E4D9200FBC064 /* Base */ = {isa = PBXFileReference; lastKnownFileType = file.storyboard; name = Base; path = Base.lproj/Main.storyboard; sourceTree = "<group>"; };
		EBD625811B1E4D9200FBC064 /* Images.xcassets */ = {isa = PBXFileReference; lastKnownFileType = folder.assetcatalog; path = Images.xcassets; sourceTree = "<group>"; };
		EBD625841B1E4D9200FBC064 /* Base */ = {isa = PBXFileReference; lastKnownFileType = file.xib; name = Base; path = Base.lproj/LaunchScreen.xib; sourceTree = "<group>"; };
		EBD6258A1B1E4D9200FBC064 /* PalaTests.xctest */ = {isa = PBXFileReference; explicitFileType = wrapper.cfbundle; includeInIndex = 0; path = PalaTests.xctest; sourceTree = BUILT_PRODUCTS_DIR; };
		EBD6258F1B1E4D9200FBC064 /* Info.plist */ = {isa = PBXFileReference; lastKnownFileType = text.plist.xml; path = Info.plist; sourceTree = "<group>"; };
		EBD625901B1E4D9200FBC064 /* PalaTests.swift */ = {isa = PBXFileReference; lastKnownFileType = sourcecode.swift; path = PalaTests.swift; sourceTree = "<group>"; };
		EBD625A11B1E592A00FBC064 /* Bridge-Header.h */ = {isa = PBXFileReference; lastKnownFileType = sourcecode.c.h; path = "Bridge-Header.h"; sourceTree = "<group>"; };
		F97897F17D7F1028DF244EDC /* Pods.debug.xcconfig */ = {isa = PBXFileReference; includeInIndex = 1; lastKnownFileType = text.xcconfig; name = Pods.debug.xcconfig; path = "Pods/Target Support Files/Pods/Pods.debug.xcconfig"; sourceTree = "<group>"; };
/* End PBXFileReference section */

/* Begin PBXFrameworksBuildPhase section */
		EBD625721B1E4D9100FBC064 /* Frameworks */ = {
			isa = PBXFrameworksBuildPhase;
			buildActionMask = 2147483647;
			files = (
				EBB793611B20C19B004F0821 /* Accounts.framework in Frameworks */,
				EBB793621B20C19B004F0821 /* AudioToolbox.framework in Frameworks */,
				EBB793631B20C19B004F0821 /* CFNetwork.framework in Frameworks */,
				EBB793641B20C19B004F0821 /* CoreGraphics.framework in Frameworks */,
				EBB793651B20C19B004F0821 /* CoreLocation.framework in Frameworks */,
				EBB793661B20C19B004F0821 /* libsqlite3.dylib in Frameworks */,
				EBB793701B20C1D2004F0821 /* Parse.framework in Frameworks */,
				EBB793671B20C19B004F0821 /* libz.dylib in Frameworks */,
				EBB793681B20C19B004F0821 /* MobileCoreServices.framework in Frameworks */,
				EBB793691B20C19B004F0821 /* QuartzCore.framework in Frameworks */,
				EBB7936A1B20C19B004F0821 /* Security.framework in Frameworks */,
				EBB7936B1B20C19B004F0821 /* Social.framework in Frameworks */,
				EBB7936C1B20C19B004F0821 /* StoreKit.framework in Frameworks */,
				EBB7936D1B20C19B004F0821 /* SystemConfiguration.framework in Frameworks */,
				EBB793711B20C1D2004F0821 /* ParseFacebookUtilsV4.framework in Frameworks */,
				EBB793511B20C156004F0821 /* Bolts.framework in Frameworks */,
				EBB793521B20C156004F0821 /* FBSDKCoreKit.framework in Frameworks */,
				EBB793531B20C156004F0821 /* FBSDKLoginKit.framework in Frameworks */,
				6F4C36D3590098A88E457845 /* libPods.a in Frameworks */,
			);
			runOnlyForDeploymentPostprocessing = 0;
		};
		EBD625871B1E4D9200FBC064 /* Frameworks */ = {
			isa = PBXFrameworksBuildPhase;
			buildActionMask = 2147483647;
			files = (
			);
			runOnlyForDeploymentPostprocessing = 0;
		};
/* End PBXFrameworksBuildPhase section */

/* Begin PBXGroup section */
		326D8869D23B922D9A81C10E /* Pods */ = {
			isa = PBXGroup;
			children = (
				F97897F17D7F1028DF244EDC /* Pods.debug.xcconfig */,
				67FD7284B7F6AF88E8DACE3A /* Pods.release.xcconfig */,
			);
			name = Pods;
			sourceTree = "<group>";
		};
		EBD6256C1B1E4D9100FBC064 = {
			isa = PBXGroup;
			children = (
				EBD625771B1E4D9100FBC064 /* Pala */,
				EBD6258D1B1E4D9200FBC064 /* PalaTests */,
				EBD625761B1E4D9100FBC064 /* Products */,
				EBD625A01B1E512B00FBC064 /* Frameworks */,
				326D8869D23B922D9A81C10E /* Pods */,
			);
			sourceTree = "<group>";
		};
		EBD625761B1E4D9100FBC064 /* Products */ = {
			isa = PBXGroup;
			children = (
				EBD625751B1E4D9100FBC064 /* Pala.app */,
				EBD6258A1B1E4D9200FBC064 /* PalaTests.xctest */,
			);
			name = Products;
			sourceTree = "<group>";
		};
		EBD625771B1E4D9100FBC064 /* Pala */ = {
			isa = PBXGroup;
			children = (
				EBD6257E1B1E4D9200FBC064 /* Main.storyboard */,
				EBD625A11B1E592A00FBC064 /* Bridge-Header.h */,
				EBD6257A1B1E4D9100FBC064 /* AppDelegate.swift */,
				EBD6257C1B1E4D9100FBC064 /* LoginViewController.swift */,
				EBB7938C1B2488FF004F0821 /* EventsViewController.swift */,
				EB39FD0C1B276CEC00AB036C /* WallCollectionViewController.swift */,
				EB39FD101B2AD17200AB036C /* WallCollectionViewCell.swift */,
				EB8EAEE01B2F1FDD00BAFFAD /* ChatsTableViewController.swift */,
				EB39FD0E1B2992D200AB036C /* Wall.swift */,
				EBB7938A1B2237AE004F0821 /* User.swift */,
				EBD625811B1E4D9200FBC064 /* Images.xcassets */,
				EBD625831B1E4D9200FBC064 /* LaunchScreen.xib */,
				EBD625781B1E4D9100FBC064 /* Supporting Files */,
			);
			path = Pala;
			sourceTree = "<group>";
		};
		EBD625781B1E4D9100FBC064 /* Supporting Files */ = {
			isa = PBXGroup;
			children = (
				EB8EAEE81B2F737D00BAFFAD /* LGSimpleChat.swift */,
				EBB793881B2203FC004F0821 /* SlideMenuController.swift */,
				EBD625791B1E4D9100FBC064 /* Info.plist */,
			);
			name = "Supporting Files";
			sourceTree = "<group>";
		};
		EBD6258D1B1E4D9200FBC064 /* PalaTests */ = {
			isa = PBXGroup;
			children = (
				EBD625901B1E4D9200FBC064 /* PalaTests.swift */,
				EBD6258E1B1E4D9200FBC064 /* Supporting Files */,
			);
			path = PalaTests;
			sourceTree = "<group>";
		};
		EBD6258E1B1E4D9200FBC064 /* Supporting Files */ = {
			isa = PBXGroup;
			children = (
				EBD6258F1B1E4D9200FBC064 /* Info.plist */,
			);
			name = "Supporting Files";
			sourceTree = "<group>";
		};
		EBD625A01B1E512B00FBC064 /* Frameworks */ = {
			isa = PBXGroup;
			children = (
				EBB7936E1B20C1D2004F0821 /* Parse.framework */,
				EBB7936F1B20C1D2004F0821 /* ParseFacebookUtilsV4.framework */,
				EBB793541B20C19B004F0821 /* Accounts.framework */,
				EBB793551B20C19B004F0821 /* AudioToolbox.framework */,
				EBB793561B20C19B004F0821 /* CFNetwork.framework */,
				EBB793571B20C19B004F0821 /* CoreGraphics.framework */,
				EBB793581B20C19B004F0821 /* CoreLocation.framework */,
				EBB793591B20C19B004F0821 /* libsqlite3.dylib */,
				EBB7935A1B20C19B004F0821 /* libz.dylib */,
				EBB7935B1B20C19B004F0821 /* MobileCoreServices.framework */,
				EBB7935C1B20C19B004F0821 /* QuartzCore.framework */,
				EBB7935D1B20C19B004F0821 /* Security.framework */,
				EBB7935E1B20C19B004F0821 /* Social.framework */,
				EBB7935F1B20C19B004F0821 /* StoreKit.framework */,
				EBB793601B20C19B004F0821 /* SystemConfiguration.framework */,
				EBB7934E1B20C156004F0821 /* Bolts.framework */,
				EBB7934F1B20C156004F0821 /* FBSDKCoreKit.framework */,
				EBB793501B20C156004F0821 /* FBSDKLoginKit.framework */,
				7A18F547673DE6480EE5190F /* libPods.a */,
			);
			name = Frameworks;
			sourceTree = "<group>";
		};
/* End PBXGroup section */

/* Begin PBXNativeTarget section */
		EBD625741B1E4D9100FBC064 /* Pala */ = {
			isa = PBXNativeTarget;
			buildConfigurationList = EBD625941B1E4D9200FBC064 /* Build configuration list for PBXNativeTarget "Pala" */;
			buildPhases = (
				7B3DC94725E69EF7594A0D92 /* Check Pods Manifest.lock */,
				EBD625711B1E4D9100FBC064 /* Sources */,
				EBD625721B1E4D9100FBC064 /* Frameworks */,
				EBD625731B1E4D9100FBC064 /* Resources */,
				0C2F50EB3FA7319354889472 /* Copy Pods Resources */,
			);
			buildRules = (
			);
			dependencies = (
			);
			name = Pala;
			productName = EventDateApp;
			productReference = EBD625751B1E4D9100FBC064 /* Pala.app */;
			productType = "com.apple.product-type.application";
		};
		EBD625891B1E4D9200FBC064 /* PalaTests */ = {
			isa = PBXNativeTarget;
			buildConfigurationList = EBD625971B1E4D9200FBC064 /* Build configuration list for PBXNativeTarget "PalaTests" */;
			buildPhases = (
				EBD625861B1E4D9200FBC064 /* Sources */,
				EBD625871B1E4D9200FBC064 /* Frameworks */,
				EBD625881B1E4D9200FBC064 /* Resources */,
			);
			buildRules = (
			);
			dependencies = (
				EBD6258C1B1E4D9200FBC064 /* PBXTargetDependency */,
			);
			name = PalaTests;
			productName = EventDateAppTests;
			productReference = EBD6258A1B1E4D9200FBC064 /* PalaTests.xctest */;
			productType = "com.apple.product-type.bundle.unit-test";
		};
/* End PBXNativeTarget section */

/* Begin PBXProject section */
		EBD6256D1B1E4D9100FBC064 /* Project object */ = {
			isa = PBXProject;
			attributes = {
				LastUpgradeCheck = 0610;
				ORGANIZATIONNAME = bjvanlinschoten;
				TargetAttributes = {
					EBD625741B1E4D9100FBC064 = {
						CreatedOnToolsVersion = 6.1.1;
						DevelopmentTeam = DV6MACWMG2;
					};
					EBD625891B1E4D9200FBC064 = {
						CreatedOnToolsVersion = 6.1.1;
						TestTargetID = EBD625741B1E4D9100FBC064;
					};
				};
			};
			buildConfigurationList = EBD625701B1E4D9100FBC064 /* Build configuration list for PBXProject "Pala" */;
			compatibilityVersion = "Xcode 3.2";
			developmentRegion = English;
			hasScannedForEncodings = 0;
			knownRegions = (
				en,
				Base,
			);
			mainGroup = EBD6256C1B1E4D9100FBC064;
			productRefGroup = EBD625761B1E4D9100FBC064 /* Products */;
			projectDirPath = "";
			projectRoot = "";
			targets = (
				EBD625741B1E4D9100FBC064 /* Pala */,
				EBD625891B1E4D9200FBC064 /* PalaTests */,
			);
		};
/* End PBXProject section */

/* Begin PBXResourcesBuildPhase section */
		EBD625731B1E4D9100FBC064 /* Resources */ = {
			isa = PBXResourcesBuildPhase;
			buildActionMask = 2147483647;
			files = (
				EBD625801B1E4D9200FBC064 /* Main.storyboard in Resources */,
				EBD625851B1E4D9200FBC064 /* LaunchScreen.xib in Resources */,
				EBD625821B1E4D9200FBC064 /* Images.xcassets in Resources */,
			);
			runOnlyForDeploymentPostprocessing = 0;
		};
		EBD625881B1E4D9200FBC064 /* Resources */ = {
			isa = PBXResourcesBuildPhase;
			buildActionMask = 2147483647;
			files = (
			);
			runOnlyForDeploymentPostprocessing = 0;
		};
/* End PBXResourcesBuildPhase section */

/* Begin PBXShellScriptBuildPhase section */
		0C2F50EB3FA7319354889472 /* Copy Pods Resources */ = {
			isa = PBXShellScriptBuildPhase;
			buildActionMask = 2147483647;
			files = (
			);
			inputPaths = (
			);
			name = "Copy Pods Resources";
			outputPaths = (
			);
			runOnlyForDeploymentPostprocessing = 0;
			shellPath = /bin/sh;
			shellScript = "\"${SRCROOT}/Pods/Target Support Files/Pods/Pods-resources.sh\"\n";
			showEnvVarsInLog = 0;
		};
		7B3DC94725E69EF7594A0D92 /* Check Pods Manifest.lock */ = {
			isa = PBXShellScriptBuildPhase;
			buildActionMask = 2147483647;
			files = (
			);
			inputPaths = (
			);
			name = "Check Pods Manifest.lock";
			outputPaths = (
			);
			runOnlyForDeploymentPostprocessing = 0;
			shellPath = /bin/sh;
			shellScript = "diff \"${PODS_ROOT}/../Podfile.lock\" \"${PODS_ROOT}/Manifest.lock\" > /dev/null\nif [[ $? != 0 ]] ; then\n    cat << EOM\nerror: The sandbox is not in sync with the Podfile.lock. Run 'pod install' or update your CocoaPods installation.\nEOM\n    exit 1\nfi\n";
			showEnvVarsInLog = 0;
		};
/* End PBXShellScriptBuildPhase section */

/* Begin PBXSourcesBuildPhase section */
		EBD625711B1E4D9100FBC064 /* Sources */ = {
			isa = PBXSourcesBuildPhase;
			buildActionMask = 2147483647;
			files = (
				EBB7938B1B2237AE004F0821 /* User.swift in Sources */,
				EBD6257D1B1E4D9100FBC064 /* LoginViewController.swift in Sources */,
				EB39FD0F1B2992D200AB036C /* Wall.swift in Sources */,
				EB39FD0D1B276CEC00AB036C /* WallCollectionViewController.swift in Sources */,
				EB8EAEE91B2F737D00BAFFAD /* LGSimpleChat.swift in Sources */,
				EBB793891B2203FC004F0821 /* SlideMenuController.swift in Sources */,
				EBD6257B1B1E4D9100FBC064 /* AppDelegate.swift in Sources */,
				EB39FD111B2AD17200AB036C /* WallCollectionViewCell.swift in Sources */,
				EBB7938D1B2488FF004F0821 /* EventsViewController.swift in Sources */,
				EB8EAEE11B2F1FDD00BAFFAD /* ChatsTableViewController.swift in Sources */,
			);
			runOnlyForDeploymentPostprocessing = 0;
		};
		EBD625861B1E4D9200FBC064 /* Sources */ = {
			isa = PBXSourcesBuildPhase;
			buildActionMask = 2147483647;
			files = (
				EBD625911B1E4D9200FBC064 /* PalaTests.swift in Sources */,
			);
			runOnlyForDeploymentPostprocessing = 0;
		};
/* End PBXSourcesBuildPhase section */

/* Begin PBXTargetDependency section */
		EBD6258C1B1E4D9200FBC064 /* PBXTargetDependency */ = {
			isa = PBXTargetDependency;
			target = EBD625741B1E4D9100FBC064 /* Pala */;
			targetProxy = EBD6258B1B1E4D9200FBC064 /* PBXContainerItemProxy */;
		};
/* End PBXTargetDependency section */

/* Begin PBXVariantGroup section */
		EBD6257E1B1E4D9200FBC064 /* Main.storyboard */ = {
			isa = PBXVariantGroup;
			children = (
				EBD6257F1B1E4D9200FBC064 /* Base */,
			);
			name = Main.storyboard;
			sourceTree = "<group>";
		};
		EBD625831B1E4D9200FBC064 /* LaunchScreen.xib */ = {
			isa = PBXVariantGroup;
			children = (
				EBD625841B1E4D9200FBC064 /* Base */,
			);
			name = LaunchScreen.xib;
			sourceTree = "<group>";
		};
/* End PBXVariantGroup section */

/* Begin XCBuildConfiguration section */
		EBD625921B1E4D9200FBC064 /* Debug */ = {
			isa = XCBuildConfiguration;
			buildSettings = {
				ALWAYS_SEARCH_USER_PATHS = NO;
				CLANG_CXX_LANGUAGE_STANDARD = "gnu++0x";
				CLANG_CXX_LIBRARY = "libc++";
				CLANG_ENABLE_MODULES = YES;
				CLANG_ENABLE_OBJC_ARC = YES;
				CLANG_WARN_BOOL_CONVERSION = YES;
				CLANG_WARN_CONSTANT_CONVERSION = YES;
				CLANG_WARN_DIRECT_OBJC_ISA_USAGE = YES_ERROR;
				CLANG_WARN_EMPTY_BODY = YES;
				CLANG_WARN_ENUM_CONVERSION = YES;
				CLANG_WARN_INT_CONVERSION = YES;
				CLANG_WARN_OBJC_ROOT_CLASS = YES_ERROR;
				CLANG_WARN_UNREACHABLE_CODE = YES;
				CLANG_WARN__DUPLICATE_METHOD_MATCH = YES;
				"CODE_SIGN_IDENTITY[sdk=iphoneos*]" = "iPhone Developer";
				COPY_PHASE_STRIP = NO;
				ENABLE_STRICT_OBJC_MSGSEND = YES;
				GCC_C_LANGUAGE_STANDARD = gnu99;
				GCC_DYNAMIC_NO_PIC = NO;
				GCC_OPTIMIZATION_LEVEL = 0;
				GCC_PREPROCESSOR_DEFINITIONS = (
					"DEBUG=1",
					"$(inherited)",
				);
				GCC_SYMBOLS_PRIVATE_EXTERN = NO;
				GCC_WARN_64_TO_32_BIT_CONVERSION = YES;
				GCC_WARN_ABOUT_RETURN_TYPE = YES_ERROR;
				GCC_WARN_UNDECLARED_SELECTOR = YES;
				GCC_WARN_UNINITIALIZED_AUTOS = YES_AGGRESSIVE;
				GCC_WARN_UNUSED_FUNCTION = YES;
				GCC_WARN_UNUSED_VARIABLE = YES;
				IPHONEOS_DEPLOYMENT_TARGET = 8.1;
				MTL_ENABLE_DEBUG_INFO = YES;
				ONLY_ACTIVE_ARCH = YES;
				SDKROOT = iphoneos;
				SWIFT_OPTIMIZATION_LEVEL = "-Onone";
			};
			name = Debug;
		};
		EBD625931B1E4D9200FBC064 /* Release */ = {
			isa = XCBuildConfiguration;
			buildSettings = {
				ALWAYS_SEARCH_USER_PATHS = NO;
				CLANG_CXX_LANGUAGE_STANDARD = "gnu++0x";
				CLANG_CXX_LIBRARY = "libc++";
				CLANG_ENABLE_MODULES = YES;
				CLANG_ENABLE_OBJC_ARC = YES;
				CLANG_WARN_BOOL_CONVERSION = YES;
				CLANG_WARN_CONSTANT_CONVERSION = YES;
				CLANG_WARN_DIRECT_OBJC_ISA_USAGE = YES_ERROR;
				CLANG_WARN_EMPTY_BODY = YES;
				CLANG_WARN_ENUM_CONVERSION = YES;
				CLANG_WARN_INT_CONVERSION = YES;
				CLANG_WARN_OBJC_ROOT_CLASS = YES_ERROR;
				CLANG_WARN_UNREACHABLE_CODE = YES;
				CLANG_WARN__DUPLICATE_METHOD_MATCH = YES;
				"CODE_SIGN_IDENTITY[sdk=iphoneos*]" = "iPhone Developer";
				COPY_PHASE_STRIP = YES;
				ENABLE_NS_ASSERTIONS = NO;
				ENABLE_STRICT_OBJC_MSGSEND = YES;
				GCC_C_LANGUAGE_STANDARD = gnu99;
				GCC_WARN_64_TO_32_BIT_CONVERSION = YES;
				GCC_WARN_ABOUT_RETURN_TYPE = YES_ERROR;
				GCC_WARN_UNDECLARED_SELECTOR = YES;
				GCC_WARN_UNINITIALIZED_AUTOS = YES_AGGRESSIVE;
				GCC_WARN_UNUSED_FUNCTION = YES;
				GCC_WARN_UNUSED_VARIABLE = YES;
				IPHONEOS_DEPLOYMENT_TARGET = 8.1;
				MTL_ENABLE_DEBUG_INFO = NO;
				SDKROOT = iphoneos;
				VALIDATE_PRODUCT = YES;
			};
			name = Release;
		};
		EBD625951B1E4D9200FBC064 /* Debug */ = {
			isa = XCBuildConfiguration;
			baseConfigurationReference = F97897F17D7F1028DF244EDC /* Pods.debug.xcconfig */;
			buildSettings = {
				ASSETCATALOG_COMPILER_APPICON_NAME = AppIcon;
				CODE_SIGN_IDENTITY = "iPhone Developer";
				FRAMEWORK_SEARCH_PATHS = (
					"$(inherited)",
					/Users/bjvanlinschoten/Documents/FacebookSDK,
					"$(PROJECT_DIR)",
					"/Users/bjvanlinschoten/Downloads/parse-library-1.7.4",
				);
				INFOPLIST_FILE = Pala/Info.plist;
				LD_RUNPATH_SEARCH_PATHS = "$(inherited) @executable_path/Frameworks";
				PRODUCT_NAME = "$(TARGET_NAME)";
				SWIFT_OBJC_BRIDGING_HEADER = "Pala/Bridge-Header.h";
				TARGETED_DEVICE_FAMILY = 1;
			};
			name = Debug;
		};
		EBD625961B1E4D9200FBC064 /* Release */ = {
			isa = XCBuildConfiguration;
			baseConfigurationReference = 67FD7284B7F6AF88E8DACE3A /* Pods.release.xcconfig */;
			buildSettings = {
				ASSETCATALOG_COMPILER_APPICON_NAME = AppIcon;
				CODE_SIGN_IDENTITY = "iPhone Developer";
				FRAMEWORK_SEARCH_PATHS = (
					"$(inherited)",
					/Users/bjvanlinschoten/Documents/FacebookSDK,
					"$(PROJECT_DIR)",
					"/Users/bjvanlinschoten/Downloads/parse-library-1.7.4",
				);
				INFOPLIST_FILE = Pala/Info.plist;
				LD_RUNPATH_SEARCH_PATHS = "$(inherited) @executable_path/Frameworks";
				PRODUCT_NAME = "$(TARGET_NAME)";
				SWIFT_OBJC_BRIDGING_HEADER = "Pala/Bridge-Header.h";
				TARGETED_DEVICE_FAMILY = 1;
			};
			name = Release;
		};
		EBD625981B1E4D9200FBC064 /* Debug */ = {
			isa = XCBuildConfiguration;
			buildSettings = {
				BUNDLE_LOADER = "$(TEST_HOST)";
				FRAMEWORK_SEARCH_PATHS = (
					"$(SDKROOT)/Developer/Library/Frameworks",
					"$(inherited)",
				);
				GCC_PREPROCESSOR_DEFINITIONS = (
					"DEBUG=1",
					"$(inherited)",
				);
				INFOPLIST_FILE = PalaTests/Info.plist;
				LD_RUNPATH_SEARCH_PATHS = "$(inherited) @executable_path/Frameworks @loader_path/Frameworks";
				PRODUCT_NAME = "$(TARGET_NAME)";
			};
			name = Debug;
		};
		EBD625991B1E4D9200FBC064 /* Release */ = {
			isa = XCBuildConfiguration;
			buildSettings = {
				BUNDLE_LOADER = "$(TEST_HOST)";
				FRAMEWORK_SEARCH_PATHS = (
					"$(SDKROOT)/Developer/Library/Frameworks",
					"$(inherited)",
				);
				INFOPLIST_FILE = PalaTests/Info.plist;
				LD_RUNPATH_SEARCH_PATHS = "$(inherited) @executable_path/Frameworks @loader_path/Frameworks";
				PRODUCT_NAME = "$(TARGET_NAME)";
			};
			name = Release;
		};
/* End XCBuildConfiguration section */

/* Begin XCConfigurationList section */
		EBD625701B1E4D9100FBC064 /* Build configuration list for PBXProject "Pala" */ = {
			isa = XCConfigurationList;
			buildConfigurations = (
				EBD625921B1E4D9200FBC064 /* Debug */,
				EBD625931B1E4D9200FBC064 /* Release */,
			);
			defaultConfigurationIsVisible = 0;
			defaultConfigurationName = Release;
		};
		EBD625941B1E4D9200FBC064 /* Build configuration list for PBXNativeTarget "Pala" */ = {
			isa = XCConfigurationList;
			buildConfigurations = (
				EBD625951B1E4D9200FBC064 /* Debug */,
				EBD625961B1E4D9200FBC064 /* Release */,
			);
			defaultConfigurationIsVisible = 0;
			defaultConfigurationName = Release;
		};
		EBD625971B1E4D9200FBC064 /* Build configuration list for PBXNativeTarget "PalaTests" */ = {
			isa = XCConfigurationList;
			buildConfigurations = (
				EBD625981B1E4D9200FBC064 /* Debug */,
				EBD625991B1E4D9200FBC064 /* Release */,
			);
			defaultConfigurationIsVisible = 0;
			defaultConfigurationName = Release;
		};
/* End XCConfigurationList section */
	};
	rootObject = EBD6256D1B1E4D9100FBC064 /* Project object */;
}
